
Microsoft Visual Studio Solution File, Format Version 12.00
# Visual Studio 2012
Project("{FAE04EC0-301F-11D3-BF4B-00C04F79EFBC}") = "GPUVerifyVCGen", "GPUVerifyVCGen\GPUVerifyVCGen.csproj", "{E5D16606-06D0-434F-A9D7-7D079BC80229}"
EndProject
Project("{FAE04EC0-301F-11D3-BF4B-00C04F79EFBC}") = "GPUVerifyBoogieDriver", "GPUVerifyBoogieDriver\GPUVerifyBoogieDriver.csproj", "{FD2A2C67-1BD6-4A1A-B65B-B057267E24A3}"
EndProject
Global
	GlobalSection(SolutionConfigurationPlatforms) = preSolution
		Checked|Any CPU = Checked|Any CPU
		Checked|Mixed Platforms = Checked|Mixed Platforms
		Checked|x86 = Checked|x86
		Debug|Any CPU = Debug|Any CPU
		Debug|Mixed Platforms = Debug|Mixed Platforms
		Debug|x86 = Debug|x86
		Release|Any CPU = Release|Any CPU
		Release|Mixed Platforms = Release|Mixed Platforms
		Release|x86 = Release|x86
		z3apidebug|Any CPU = z3apidebug|Any CPU
		z3apidebug|Mixed Platforms = z3apidebug|Mixed Platforms
		z3apidebug|x86 = z3apidebug|x86
	EndGlobalSection
	GlobalSection(ProjectConfigurationPlatforms) = postSolution
		{E5D16606-06D0-434F-A9D7-7D079BC80229}.Checked|Any CPU.ActiveCfg = Release|Any CPU
		{E5D16606-06D0-434F-A9D7-7D079BC80229}.Checked|Any CPU.Build.0 = Release|Any CPU
		{E5D16606-06D0-434F-A9D7-7D079BC80229}.Checked|Mixed Platforms.ActiveCfg = Release|Any CPU
		{E5D16606-06D0-434F-A9D7-7D079BC80229}.Checked|Mixed Platforms.Build.0 = Release|Any CPU
		{E5D16606-06D0-434F-A9D7-7D079BC80229}.Checked|x86.ActiveCfg = Release|Any CPU
		{E5D16606-06D0-434F-A9D7-7D079BC80229}.Debug|Any CPU.ActiveCfg = Debug|Any CPU
		{E5D16606-06D0-434F-A9D7-7D079BC80229}.Debug|Any CPU.Build.0 = Debug|Any CPU
		{E5D16606-06D0-434F-A9D7-7D079BC80229}.Debug|Mixed Platforms.ActiveCfg = Debug|Any CPU
		{E5D16606-06D0-434F-A9D7-7D079BC80229}.Debug|Mixed Platforms.Build.0 = Debug|Any CPU
		{E5D16606-06D0-434F-A9D7-7D079BC80229}.Debug|x86.ActiveCfg = Debug|x86
		{E5D16606-06D0-434F-A9D7-7D079BC80229}.Debug|x86.Build.0 = Debug|x86
		{E5D16606-06D0-434F-A9D7-7D079BC80229}.Release|Any CPU.ActiveCfg = Release|Any CPU
		{E5D16606-06D0-434F-A9D7-7D079BC80229}.Release|Any CPU.Build.0 = Release|Any CPU
		{E5D16606-06D0-434F-A9D7-7D079BC80229}.Release|Mixed Platforms.ActiveCfg = Release|Any CPU
		{E5D16606-06D0-434F-A9D7-7D079BC80229}.Release|Mixed Platforms.Build.0 = Release|Any CPU
		{E5D16606-06D0-434F-A9D7-7D079BC80229}.Release|x86.ActiveCfg = Release|x86
		{E5D16606-06D0-434F-A9D7-7D079BC80229}.Release|x86.Build.0 = Release|x86
		{E5D16606-06D0-434F-A9D7-7D079BC80229}.z3apidebug|Any CPU.ActiveCfg = Release|Any CPU
		{E5D16606-06D0-434F-A9D7-7D079BC80229}.z3apidebug|Any CPU.Build.0 = Release|Any CPU
		{E5D16606-06D0-434F-A9D7-7D079BC80229}.z3apidebug|Mixed Platforms.ActiveCfg = Release|Any CPU
		{E5D16606-06D0-434F-A9D7-7D079BC80229}.z3apidebug|Mixed Platforms.Build.0 = Release|Any CPU
		{E5D16606-06D0-434F-A9D7-7D079BC80229}.z3apidebug|x86.ActiveCfg = Release|Any CPU
		{FD2A2C67-1BD6-4A1A-B65B-B057267E24A3}.Checked|Any CPU.ActiveCfg = Release|x86
		{FD2A2C67-1BD6-4A1A-B65B-B057267E24A3}.Checked|Mixed Platforms.ActiveCfg = Release|x86
		{FD2A2C67-1BD6-4A1A-B65B-B057267E24A3}.Checked|Mixed Platforms.Build.0 = Release|x86
		{FD2A2C67-1BD6-4A1A-B65B-B057267E24A3}.Checked|x86.ActiveCfg = Release|x86
		{FD2A2C67-1BD6-4A1A-B65B-B057267E24A3}.Checked|x86.Build.0 = Release|x86
		{FD2A2C67-1BD6-4A1A-B65B-B057267E24A3}.Debug|Any CPU.ActiveCfg = Debug|x86
		{FD2A2C67-1BD6-4A1A-B65B-B057267E24A3}.Debug|Mixed Platforms.ActiveCfg = Debug|x86
		{FD2A2C67-1BD6-4A1A-B65B-B057267E24A3}.Debug|Mixed Platforms.Build.0 = Debug|x86
		{FD2A2C67-1BD6-4A1A-B65B-B057267E24A3}.Debug|x86.ActiveCfg = Debug|x86
		{FD2A2C67-1BD6-4A1A-B65B-B057267E24A3}.Debug|x86.Build.0 = Debug|x86
		{FD2A2C67-1BD6-4A1A-B65B-B057267E24A3}.Release|Any CPU.ActiveCfg = Release|x86
		{FD2A2C67-1BD6-4A1A-B65B-B057267E24A3}.Release|Mixed Platforms.ActiveCfg = Release|x86
		{FD2A2C67-1BD6-4A1A-B65B-B057267E24A3}.Release|Mixed Platforms.Build.0 = Release|x86
		{FD2A2C67-1BD6-4A1A-B65B-B057267E24A3}.Release|x86.ActiveCfg = Release|x86
		{FD2A2C67-1BD6-4A1A-B65B-B057267E24A3}.Release|x86.Build.0 = Release|x86
		{FD2A2C67-1BD6-4A1A-B65B-B057267E24A3}.z3apidebug|Any CPU.ActiveCfg = Release|x86
		{FD2A2C67-1BD6-4A1A-B65B-B057267E24A3}.z3apidebug|Mixed Platforms.ActiveCfg = Release|x86
		{FD2A2C67-1BD6-4A1A-B65B-B057267E24A3}.z3apidebug|Mixed Platforms.Build.0 = Release|x86
		{FD2A2C67-1BD6-4A1A-B65B-B057267E24A3}.z3apidebug|x86.ActiveCfg = Release|x86
		{FD2A2C67-1BD6-4A1A-B65B-B057267E24A3}.z3apidebug|x86.Build.0 = Release|x86
	EndGlobalSection
	GlobalSection(SolutionProperties) = preSolution
		HideSolutionNode = FALSE
	EndGlobalSection
EndGlobal
